// !$*UTF8*$!
{
	archiveVersion = 1;
	classes = {
	};
	objectVersion = 50;
	objects = {

/* Begin PBXBuildFile section */
		412557B331737C3689219CE5 /* Pods_SkuadTests.framework in Frameworks */ = {isa = PBXBuildFile; fileRef = 771FBE27FBF9A66C31EF178B /* Pods_SkuadTests.framework */; };
		7D5531E62535E053004A1228 /* AppDelegate.swift in Sources */ = {isa = PBXBuildFile; fileRef = 7D5531E52535E053004A1228 /* AppDelegate.swift */; };
		7D5531EA2535E053004A1228 /* ViewController.swift in Sources */ = {isa = PBXBuildFile; fileRef = 7D5531E92535E053004A1228 /* ViewController.swift */; };
		7D5531ED2535E053004A1228 /* Main.storyboard in Resources */ = {isa = PBXBuildFile; fileRef = 7D5531EB2535E053004A1228 /* Main.storyboard */; };
		7D5531EF2535E056004A1228 /* Assets.xcassets in Resources */ = {isa = PBXBuildFile; fileRef = 7D5531EE2535E056004A1228 /* Assets.xcassets */; };
		7D5531F22535E056004A1228 /* LaunchScreen.storyboard in Resources */ = {isa = PBXBuildFile; fileRef = 7D5531F02535E056004A1228 /* LaunchScreen.storyboard */; };
		7D5531FD2535E057004A1228 /* SkuadTests.swift in Sources */ = {isa = PBXBuildFile; fileRef = 7D5531FC2535E057004A1228 /* SkuadTests.swift */; };
		7D5532082535E057004A1228 /* SkuadUITests.swift in Sources */ = {isa = PBXBuildFile; fileRef = 7D5532072535E057004A1228 /* SkuadUITests.swift */; };
		7D55321925386F89004A1228 /* ListModelClass.swift in Sources */ = {isa = PBXBuildFile; fileRef = 7D55321825386F88004A1228 /* ListModelClass.swift */; };
		7D55321B253872D5004A1228 /* Constant.swift in Sources */ = {isa = PBXBuildFile; fileRef = 7D55321A253872D5004A1228 /* Constant.swift */; };
		934FB5201DAD72AEDE4899A5 /* Pods_Skuad_SkuadUITests.framework in Frameworks */ = {isa = PBXBuildFile; fileRef = 1F76717CA2F8F29518ABB3EC /* Pods_Skuad_SkuadUITests.framework */; };
		DAA891B0A56085FA29005ADA /* Pods_Skuad.framework in Frameworks */ = {isa = PBXBuildFile; fileRef = 5ED7A6AA9C0DD49F927B3A91 /* Pods_Skuad.framework */; };
/* End PBXBuildFile section */

/* Begin PBXContainerItemProxy section */
		7D5531F92535E057004A1228 /* PBXContainerItemProxy */ = {
			isa = PBXContainerItemProxy;
			containerPortal = 7D5531DA2535E053004A1228 /* Project object */;
			proxyType = 1;
			remoteGlobalIDString = 7D5531E12535E053004A1228;
			remoteInfo = Skuad;
		};
		7D5532042535E057004A1228 /* PBXContainerItemProxy */ = {
			isa = PBXContainerItemProxy;
			containerPortal = 7D5531DA2535E053004A1228 /* Project object */;
			proxyType = 1;
			remoteGlobalIDString = 7D5531E12535E053004A1228;
			remoteInfo = Skuad;
		};
/* End PBXContainerItemProxy section */

/* Begin PBXFileReference section */
		1B62DD5BF79BADA3F4743ACC /* Pods-SkuadTests.release.xcconfig */ = {isa = PBXFileReference; includeInIndex = 1; lastKnownFileType = text.xcconfig; name = "Pods-SkuadTests.release.xcconfig"; path = "Target Support Files/Pods-SkuadTests/Pods-SkuadTests.release.xcconfig"; sourceTree = "<group>"; };
		1F76717CA2F8F29518ABB3EC /* Pods_Skuad_SkuadUITests.framework */ = {isa = PBXFileReference; explicitFileType = wrapper.framework; includeInIndex = 0; path = Pods_Skuad_SkuadUITests.framework; sourceTree = BUILT_PRODUCTS_DIR; };
		30064EDD7059D4159BB13F07 /* Pods-Skuad.release.xcconfig */ = {isa = PBXFileReference; includeInIndex = 1; lastKnownFileType = text.xcconfig; name = "Pods-Skuad.release.xcconfig"; path = "Target Support Files/Pods-Skuad/Pods-Skuad.release.xcconfig"; sourceTree = "<group>"; };
		5EC75FF0748D1EE2A6C5A783 /* Pods-Skuad-SkuadUITests.release.xcconfig */ = {isa = PBXFileReference; includeInIndex = 1; lastKnownFileType = text.xcconfig; name = "Pods-Skuad-SkuadUITests.release.xcconfig"; path = "Target Support Files/Pods-Skuad-SkuadUITests/Pods-Skuad-SkuadUITests.release.xcconfig"; sourceTree = "<group>"; };
		5ED7A6AA9C0DD49F927B3A91 /* Pods_Skuad.framework */ = {isa = PBXFileReference; explicitFileType = wrapper.framework; includeInIndex = 0; path = Pods_Skuad.framework; sourceTree = BUILT_PRODUCTS_DIR; };
		5FC36DB00B1191841E04335E /* Pods-SkuadTests.debug.xcconfig */ = {isa = PBXFileReference; includeInIndex = 1; lastKnownFileType = text.xcconfig; name = "Pods-SkuadTests.debug.xcconfig"; path = "Target Support Files/Pods-SkuadTests/Pods-SkuadTests.debug.xcconfig"; sourceTree = "<group>"; };
		771FBE27FBF9A66C31EF178B /* Pods_SkuadTests.framework */ = {isa = PBXFileReference; explicitFileType = wrapper.framework; includeInIndex = 0; path = Pods_SkuadTests.framework; sourceTree = BUILT_PRODUCTS_DIR; };
		7D5531E22535E053004A1228 /* Skuad.app */ = {isa = PBXFileReference; explicitFileType = wrapper.application; includeInIndex = 0; path = Skuad.app; sourceTree = BUILT_PRODUCTS_DIR; };
		7D5531E52535E053004A1228 /* AppDelegate.swift */ = {isa = PBXFileReference; lastKnownFileType = sourcecode.swift; path = AppDelegate.swift; sourceTree = "<group>"; };
		7D5531E92535E053004A1228 /* ViewController.swift */ = {isa = PBXFileReference; lastKnownFileType = sourcecode.swift; path = ViewController.swift; sourceTree = "<group>"; };
		7D5531EC2535E053004A1228 /* Base */ = {isa = PBXFileReference; lastKnownFileType = file.storyboard; name = Base; path = Base.lproj/Main.storyboard; sourceTree = "<group>"; };
		7D5531EE2535E056004A1228 /* Assets.xcassets */ = {isa = PBXFileReference; lastKnownFileType = folder.assetcatalog; path = Assets.xcassets; sourceTree = "<group>"; };
		7D5531F12535E056004A1228 /* Base */ = {isa = PBXFileReference; lastKnownFileType = file.storyboard; name = Base; path = Base.lproj/LaunchScreen.storyboard; sourceTree = "<group>"; };
		7D5531F32535E056004A1228 /* Info.plist */ = {isa = PBXFileReference; lastKnownFileType = text.plist.xml; path = Info.plist; sourceTree = "<group>"; };
		7D5531F82535E057004A1228 /* SkuadTests.xctest */ = {isa = PBXFileReference; explicitFileType = wrapper.cfbundle; includeInIndex = 0; path = SkuadTests.xctest; sourceTree = BUILT_PRODUCTS_DIR; };
		7D5531FC2535E057004A1228 /* SkuadTests.swift */ = {isa = PBXFileReference; lastKnownFileType = sourcecode.swift; path = SkuadTests.swift; sourceTree = "<group>"; };
		7D5531FE2535E057004A1228 /* Info.plist */ = {isa = PBXFileReference; lastKnownFileType = text.plist.xml; path = Info.plist; sourceTree = "<group>"; };
		7D5532032535E057004A1228 /* SkuadUITests.xctest */ = {isa = PBXFileReference; explicitFileType = wrapper.cfbundle; includeInIndex = 0; path = SkuadUITests.xctest; sourceTree = BUILT_PRODUCTS_DIR; };
		7D5532072535E057004A1228 /* SkuadUITests.swift */ = {isa = PBXFileReference; lastKnownFileType = sourcecode.swift; path = SkuadUITests.swift; sourceTree = "<group>"; };
		7D5532092535E057004A1228 /* Info.plist */ = {isa = PBXFileReference; lastKnownFileType = text.plist.xml; path = Info.plist; sourceTree = "<group>"; };
		7D55321825386F88004A1228 /* ListModelClass.swift */ = {isa = PBXFileReference; lastKnownFileType = sourcecode.swift; path = ListModelClass.swift; sourceTree = "<group>"; };
		7D55321A253872D5004A1228 /* Constant.swift */ = {isa = PBXFileReference; lastKnownFileType = sourcecode.swift; path = Constant.swift; sourceTree = "<group>"; };
		8175864C3DAF61E6D4595BBB /* Pods-Skuad.debug.xcconfig */ = {isa = PBXFileReference; includeInIndex = 1; lastKnownFileType = text.xcconfig; name = "Pods-Skuad.debug.xcconfig"; path = "Target Support Files/Pods-Skuad/Pods-Skuad.debug.xcconfig"; sourceTree = "<group>"; };
		E035FA11CCF905429D372F35 /* Pods-Skuad-SkuadUITests.debug.xcconfig */ = {isa = PBXFileReference; includeInIndex = 1; lastKnownFileType = text.xcconfig; name = "Pods-Skuad-SkuadUITests.debug.xcconfig"; path = "Target Support Files/Pods-Skuad-SkuadUITests/Pods-Skuad-SkuadUITests.debug.xcconfig"; sourceTree = "<group>"; };
/* End PBXFileReference section */

/* Begin PBXFrameworksBuildPhase section */
		7D5531DF2535E053004A1228 /* Frameworks */ = {
			isa = PBXFrameworksBuildPhase;
			buildActionMask = 2147483647;
			files = (
				DAA891B0A56085FA29005ADA /* Pods_Skuad.framework in Frameworks */,
			);
			runOnlyForDeploymentPostprocessing = 0;
		};
		7D5531F52535E057004A1228 /* Frameworks */ = {
			isa = PBXFrameworksBuildPhase;
			buildActionMask = 2147483647;
			files = (
				412557B331737C3689219CE5 /* Pods_SkuadTests.framework in Frameworks */,
			);
			runOnlyForDeploymentPostprocessing = 0;
		};
		7D5532002535E057004A1228 /* Frameworks */ = {
			isa = PBXFrameworksBuildPhase;
			buildActionMask = 2147483647;
			files = (
				934FB5201DAD72AEDE4899A5 /* Pods_Skuad_SkuadUITests.framework in Frameworks */,
			);
			runOnlyForDeploymentPostprocessing = 0;
		};
/* End PBXFrameworksBuildPhase section */

/* Begin PBXGroup section */
		2303F73988D57B7D0641175E /* Pods */ = {
			isa = PBXGroup;
			children = (
				8175864C3DAF61E6D4595BBB /* Pods-Skuad.debug.xcconfig */,
				30064EDD7059D4159BB13F07 /* Pods-Skuad.release.xcconfig */,
				E035FA11CCF905429D372F35 /* Pods-Skuad-SkuadUITests.debug.xcconfig */,
				5EC75FF0748D1EE2A6C5A783 /* Pods-Skuad-SkuadUITests.release.xcconfig */,
				5FC36DB00B1191841E04335E /* Pods-SkuadTests.debug.xcconfig */,
				1B62DD5BF79BADA3F4743ACC /* Pods-SkuadTests.release.xcconfig */,
			);
			name = Pods;
			path = Pods;
			sourceTree = "<group>";
		};
		7D5531D92535E053004A1228 = {
			isa = PBXGroup;
			children = (
				7D5531E42535E053004A1228 /* Skuad */,
				7D5531FB2535E057004A1228 /* SkuadTests */,
				7D5532062535E057004A1228 /* SkuadUITests */,
				7D5531E32535E053004A1228 /* Products */,
				2303F73988D57B7D0641175E /* Pods */,
				A8FC7BBF3CB4166DA9827BD2 /* Frameworks */,
			);
			sourceTree = "<group>";
		};
		7D5531E32535E053004A1228 /* Products */ = {
			isa = PBXGroup;
			children = (
				7D5531E22535E053004A1228 /* Skuad.app */,
				7D5531F82535E057004A1228 /* SkuadTests.xctest */,
				7D5532032535E057004A1228 /* SkuadUITests.xctest */,
			);
			name = Products;
			sourceTree = "<group>";
		};
		7D5531E42535E053004A1228 /* Skuad */ = {
			isa = PBXGroup;
			children = (
				7D5531E52535E053004A1228 /* AppDelegate.swift */,
				7D5531E92535E053004A1228 /* ViewController.swift */,
				7D55321A253872D5004A1228 /* Constant.swift */,
				7D55321825386F88004A1228 /* ListModelClass.swift */,
				7D5531EB2535E053004A1228 /* Main.storyboard */,
				7D5531EE2535E056004A1228 /* Assets.xcassets */,
				7D5531F02535E056004A1228 /* LaunchScreen.storyboard */,
				7D5531F32535E056004A1228 /* Info.plist */,
			);
			path = Skuad;
			sourceTree = "<group>";
		};
		7D5531FB2535E057004A1228 /* SkuadTests */ = {
			isa = PBXGroup;
			children = (
				7D5531FC2535E057004A1228 /* SkuadTests.swift */,
				7D5531FE2535E057004A1228 /* Info.plist */,
			);
			path = SkuadTests;
			sourceTree = "<group>";
		};
		7D5532062535E057004A1228 /* SkuadUITests */ = {
			isa = PBXGroup;
			children = (
				7D5532072535E057004A1228 /* SkuadUITests.swift */,
				7D5532092535E057004A1228 /* Info.plist */,
			);
			path = SkuadUITests;
			sourceTree = "<group>";
		};
		A8FC7BBF3CB4166DA9827BD2 /* Frameworks */ = {
			isa = PBXGroup;
			children = (
				5ED7A6AA9C0DD49F927B3A91 /* Pods_Skuad.framework */,
				1F76717CA2F8F29518ABB3EC /* Pods_Skuad_SkuadUITests.framework */,
				771FBE27FBF9A66C31EF178B /* Pods_SkuadTests.framework */,
			);
			name = Frameworks;
			sourceTree = "<group>";
		};
/* End PBXGroup section */

/* Begin PBXNativeTarget section */
		7D5531E12535E053004A1228 /* Skuad */ = {
			isa = PBXNativeTarget;
			buildConfigurationList = 7D55320C2535E057004A1228 /* Build configuration list for PBXNativeTarget "Skuad" */;
			buildPhases = (
				3377491D96A2CAC5ED1F3BC0 /* [CP] Check Pods Manifest.lock */,
				7D5531DE2535E053004A1228 /* Sources */,
				7D5531DF2535E053004A1228 /* Frameworks */,
				7D5531E02535E053004A1228 /* Resources */,
				82C9C9E232D8CBA926BE7CC9 /* [CP] Embed Pods Frameworks */,
			);
			buildRules = (
			);
			dependencies = (
			);
			name = Skuad;
			productName = Skuad;
			productReference = 7D5531E22535E053004A1228 /* Skuad.app */;
			productType = "com.apple.product-type.application";
		};
		7D5531F72535E057004A1228 /* SkuadTests */ = {
			isa = PBXNativeTarget;
			buildConfigurationList = 7D55320F2535E057004A1228 /* Build configuration list for PBXNativeTarget "SkuadTests" */;
			buildPhases = (
				36BFA1616FD28C47C34F6C7A /* [CP] Check Pods Manifest.lock */,
				7D5531F42535E057004A1228 /* Sources */,
				7D5531F52535E057004A1228 /* Frameworks */,
				7D5531F62535E057004A1228 /* Resources */,
			);
			buildRules = (
			);
			dependencies = (
				7D5531FA2535E057004A1228 /* PBXTargetDependency */,
			);
			name = SkuadTests;
			productName = SkuadTests;
			productReference = 7D5531F82535E057004A1228 /* SkuadTests.xctest */;
			productType = "com.apple.product-type.bundle.unit-test";
		};
		7D5532022535E057004A1228 /* SkuadUITests */ = {
			isa = PBXNativeTarget;
			buildConfigurationList = 7D5532122535E057004A1228 /* Build configuration list for PBXNativeTarget "SkuadUITests" */;
			buildPhases = (
				D37DF232BC2BEC5E55FE7CBD /* [CP] Check Pods Manifest.lock */,
				7D5531FF2535E057004A1228 /* Sources */,
				7D5532002535E057004A1228 /* Frameworks */,
				7D5532012535E057004A1228 /* Resources */,
				9491A1C7E9909414BB503DE4 /* [CP] Embed Pods Frameworks */,
			);
			buildRules = (
			);
			dependencies = (
				7D5532052535E057004A1228 /* PBXTargetDependency */,
			);
			name = SkuadUITests;
			productName = SkuadUITests;
			productReference = 7D5532032535E057004A1228 /* SkuadUITests.xctest */;
			productType = "com.apple.product-type.bundle.ui-testing";
		};
/* End PBXNativeTarget section */

/* Begin PBXProject section */
		7D5531DA2535E053004A1228 /* Project object */ = {
			isa = PBXProject;
			attributes = {
				LastSwiftUpdateCheck = 1170;
				LastUpgradeCheck = 1170;
				ORGANIZATIONNAME = "Ravikumar, Gowtham";
				TargetAttributes = {
					7D5531E12535E053004A1228 = {
						CreatedOnToolsVersion = 11.7;
					};
					7D5531F72535E057004A1228 = {
						CreatedOnToolsVersion = 11.7;
						TestTargetID = 7D5531E12535E053004A1228;
					};
					7D5532022535E057004A1228 = {
						CreatedOnToolsVersion = 11.7;
						TestTargetID = 7D5531E12535E053004A1228;
					};
				};
			};
			buildConfigurationList = 7D5531DD2535E053004A1228 /* Build configuration list for PBXProject "Skuad" */;
			compatibilityVersion = "Xcode 9.3";
			developmentRegion = en;
			hasScannedForEncodings = 0;
			knownRegions = (
				en,
				Base,
			);
			mainGroup = 7D5531D92535E053004A1228;
			productRefGroup = 7D5531E32535E053004A1228 /* Products */;
			projectDirPath = "";
			projectRoot = "";
			targets = (
				7D5531E12535E053004A1228 /* Skuad */,
				7D5531F72535E057004A1228 /* SkuadTests */,
				7D5532022535E057004A1228 /* SkuadUITests */,
			);
		};
/* End PBXProject section */

/* Begin PBXResourcesBuildPhase section */
		7D5531E02535E053004A1228 /* Resources */ = {
			isa = PBXResourcesBuildPhase;
			buildActionMask = 2147483647;
			files = (
				7D5531F22535E056004A1228 /* LaunchScreen.storyboard in Resources */,
				7D5531EF2535E056004A1228 /* Assets.xcassets in Resources */,
				7D5531ED2535E053004A1228 /* Main.storyboard in Resources */,
			);
			runOnlyForDeploymentPostprocessing = 0;
		};
		7D5531F62535E057004A1228 /* Resources */ = {
			isa = PBXResourcesBuildPhase;
			buildActionMask = 2147483647;
			files = (
			);
			runOnlyForDeploymentPostprocessing = 0;
		};
		7D5532012535E057004A1228 /* Resources */ = {
			isa = PBXResourcesBuildPhase;
			buildActionMask = 2147483647;
			files = (
			);
			runOnlyForDeploymentPostprocessing = 0;
		};
/* End PBXResourcesBuildPhase section */

/* Begin PBXShellScriptBuildPhase section */
		3377491D96A2CAC5ED1F3BC0 /* [CP] Check Pods Manifest.lock */ = {
			isa = PBXShellScriptBuildPhase;
			buildActionMask = 2147483647;
			files = (
			);
			inputFileListPaths = (
			);
			inputPaths = (
				"${PODS_PODFILE_DIR_PATH}/Podfile.lock",
				"${PODS_ROOT}/Manifest.lock",
			);
			name = "[CP] Check Pods Manifest.lock";
			outputFileListPaths = (
			);
			outputPaths = (
				"$(DERIVED_FILE_DIR)/Pods-Skuad-checkManifestLockResult.txt",
			);
			runOnlyForDeploymentPostprocessing = 0;
			shellPath = /bin/sh;
			shellScript = "diff \"${PODS_PODFILE_DIR_PATH}/Podfile.lock\" \"${PODS_ROOT}/Manifest.lock\" > /dev/null\nif [ $? != 0 ] ; then\n    # print error to STDERR\n    echo \"error: The sandbox is not in sync with the Podfile.lock. Run 'pod install' or update your CocoaPods installation.\" >&2\n    exit 1\nfi\n# This output is used by Xcode 'outputs' to avoid re-running this script phase.\necho \"SUCCESS\" > \"${SCRIPT_OUTPUT_FILE_0}\"\n";
			showEnvVarsInLog = 0;
		};
		36BFA1616FD28C47C34F6C7A /* [CP] Check Pods Manifest.lock */ = {
			isa = PBXShellScriptBuildPhase;
			buildActionMask = 2147483647;
			files = (
			);
			inputFileListPaths = (
			);
			inputPaths = (
				"${PODS_PODFILE_DIR_PATH}/Podfile.lock",
				"${PODS_ROOT}/Manifest.lock",
			);
			name = "[CP] Check Pods Manifest.lock";
			outputFileListPaths = (
			);
			outputPaths = (
				"$(DERIVED_FILE_DIR)/Pods-SkuadTests-checkManifestLockResult.txt",
			);
			runOnlyForDeploymentPostprocessing = 0;
			shellPath = /bin/sh;
			shellScript = "diff \"${PODS_PODFILE_DIR_PATH}/Podfile.lock\" \"${PODS_ROOT}/Manifest.lock\" > /dev/null\nif [ $? != 0 ] ; then\n    # print error to STDERR\n    echo \"error: The sandbox is not in sync with the Podfile.lock. Run 'pod install' or update your CocoaPods installation.\" >&2\n    exit 1\nfi\n# This output is used by Xcode 'outputs' to avoid re-running this script phase.\necho \"SUCCESS\" > \"${SCRIPT_OUTPUT_FILE_0}\"\n";
			showEnvVarsInLog = 0;
		};
		82C9C9E232D8CBA926BE7CC9 /* [CP] Embed Pods Frameworks */ = {
			isa = PBXShellScriptBuildPhase;
			buildActionMask = 2147483647;
			files = (
			);
			inputFileListPaths = (
				"${PODS_ROOT}/Target Support Files/Pods-Skuad/Pods-Skuad-frameworks-${CONFIGURATION}-input-files.xcfilelist",
			);
			name = "[CP] Embed Pods Frameworks";
			outputFileListPaths = (
				"${PODS_ROOT}/Target Support Files/Pods-Skuad/Pods-Skuad-frameworks-${CONFIGURATION}-output-files.xcfilelist",
			);
			runOnlyForDeploymentPostprocessing = 0;
			shellPath = /bin/sh;
			shellScript = "\"${PODS_ROOT}/Target Support Files/Pods-Skuad/Pods-Skuad-frameworks.sh\"\n";
			showEnvVarsInLog = 0;
		};
		9491A1C7E9909414BB503DE4 /* [CP] Embed Pods Frameworks */ = {
			isa = PBXShellScriptBuildPhase;
			buildActionMask = 2147483647;
			files = (
			);
			inputFileListPaths = (
				"${PODS_ROOT}/Target Support Files/Pods-Skuad-SkuadUITests/Pods-Skuad-SkuadUITests-frameworks-${CONFIGURATION}-input-files.xcfilelist",
			);
			name = "[CP] Embed Pods Frameworks";
			outputFileListPaths = (
				"${PODS_ROOT}/Target Support Files/Pods-Skuad-SkuadUITests/Pods-Skuad-SkuadUITests-frameworks-${CONFIGURATION}-output-files.xcfilelist",
			);
			runOnlyForDeploymentPostprocessing = 0;
			shellPath = /bin/sh;
			shellScript = "\"${PODS_ROOT}/Target Support Files/Pods-Skuad-SkuadUITests/Pods-Skuad-SkuadUITests-frameworks.sh\"\n";
			showEnvVarsInLog = 0;
		};
		D37DF232BC2BEC5E55FE7CBD /* [CP] Check Pods Manifest.lock */ = {
			isa = PBXShellScriptBuildPhase;
			buildActionMask = 2147483647;
			files = (
			);
			inputFileListPaths = (
			);
			inputPaths = (
				"${PODS_PODFILE_DIR_PATH}/Podfile.lock",
				"${PODS_ROOT}/Manifest.lock",
			);
			name = "[CP] Check Pods Manifest.lock";
			outputFileListPaths = (
			);
			outputPaths = (
				"$(DERIVED_FILE_DIR)/Pods-Skuad-SkuadUITests-checkManifestLockResult.txt",
			);
			runOnlyForDeploymentPostprocessing = 0;
			shellPath = /bin/sh;
			shellScript = "diff \"${PODS_PODFILE_DIR_PATH}/Podfile.lock\" \"${PODS_ROOT}/Manifest.lock\" > /dev/null\nif [ $? != 0 ] ; then\n    # print error to STDERR\n    echo \"error: The sandbox is not in sync with the Podfile.lock. Run 'pod install' or update your CocoaPods installation.\" >&2\n    exit 1\nfi\n# This output is used by Xcode 'outputs' to avoid re-running this script phase.\necho \"SUCCESS\" > \"${SCRIPT_OUTPUT_FILE_0}\"\n";
			showEnvVarsInLog = 0;
		};
/* End PBXShellScriptBuildPhase section */

/* Begin PBXSourcesBuildPhase section */
		7D5531DE2535E053004A1228 /* Sources */ = {
			isa = PBXSourcesBuildPhase;
			buildActionMask = 2147483647;
			files = (
				7D55321925386F89004A1228 /* ListModelClass.swift in Sources */,
				7D5531EA2535E053004A1228 /* ViewController.swift in Sources */,
				7D5531E62535E053004A1228 /* AppDelegate.swift in Sources */,
				7D55321B253872D5004A1228 /* Constant.swift in Sources */,
			);
			runOnlyForDeploymentPostprocessing = 0;
		};
		7D5531F42535E057004A1228 /* Sources */ = {
			isa = PBXSourcesBuildPhase;
			buildActionMask = 2147483647;
			files = (
				7D5531FD2535E057004A1228 /* SkuadTests.swift in Sources */,
			);
			runOnlyForDeploymentPostprocessing = 0;
		};
		7D5531FF2535E057004A1228 /* Sources */ = {
			isa = PBXSourcesBuildPhase;
			buildActionMask = 2147483647;
			files = (
				7D5532082535E057004A1228 /* SkuadUITests.swift in Sources */,
			);
			runOnlyForDeploymentPostprocessing = 0;
		};
/* End PBXSourcesBuildPhase section */

/* Begin PBXTargetDependency section */
		7D5531FA2535E057004A1228 /* PBXTargetDependency */ = {
			isa = PBXTargetDependency;
			target = 7D5531E12535E053004A1228 /* Skuad */;
			targetProxy = 7D5531F92535E057004A1228 /* PBXContainerItemProxy */;
		};
		7D5532052535E057004A1228 /* PBXTargetDependency */ = {
			isa = PBXTargetDependency;
			target = 7D5531E12535E053004A1228 /* Skuad */;
			targetProxy = 7D5532042535E057004A1228 /* PBXContainerItemProxy */;
		};
/* End PBXTargetDependency section */

/* Begin PBXVariantGroup section */
		7D5531EB2535E053004A1228 /* Main.storyboard */ = {
			isa = PBXVariantGroup;
			children = (
				7D5531EC2535E053004A1228 /* Base */,
			);
			name = Main.storyboard;
			sourceTree = "<group>";
		};
		7D5531F02535E056004A1228 /* LaunchScreen.storyboard */ = {
			isa = PBXVariantGroup;
			children = (
				7D5531F12535E056004A1228 /* Base */,
			);
			name = LaunchScreen.storyboard;
			sourceTree = "<group>";
		};
/* End PBXVariantGroup section */

/* Begin XCBuildConfiguration section */
		7D55320A2535E057004A1228 /* Debug */ = {
			isa = XCBuildConfiguration;
			buildSettings = {
				ALWAYS_SEARCH_USER_PATHS = NO;
				CLANG_ANALYZER_NONNULL = YES;
				CLANG_ANALYZER_NUMBER_OBJECT_CONVERSION = YES_AGGRESSIVE;
				CLANG_CXX_LANGUAGE_STANDARD = "gnu++14";
				CLANG_CXX_LIBRARY = "libc++";
				CLANG_ENABLE_MODULES = YES;
				CLANG_ENABLE_OBJC_ARC = YES;
				CLANG_ENABLE_OBJC_WEAK = YES;
				CLANG_WARN_BLOCK_CAPTURE_AUTORELEASING = YES;
				CLANG_WARN_BOOL_CONVERSION = YES;
				CLANG_WARN_COMMA = YES;
				CLANG_WARN_CONSTANT_CONVERSION = YES;
				CLANG_WARN_DEPRECATED_OBJC_IMPLEMENTATIONS = YES;
				CLANG_WARN_DIRECT_OBJC_ISA_USAGE = YES_ERROR;
				CLANG_WARN_DOCUMENTATION_COMMENTS = YES;
				CLANG_WARN_EMPTY_BODY = YES;
				CLANG_WARN_ENUM_CONVERSION = YES;
				CLANG_WARN_INFINITE_RECURSION = YES;
				CLANG_WARN_INT_CONVERSION = YES;
				CLANG_WARN_NON_LITERAL_NULL_CONVERSION = YES;
				CLANG_WARN_OBJC_IMPLICIT_RETAIN_SELF = YES;
				CLANG_WARN_OBJC_LITERAL_CONVERSION = YES;
				CLANG_WARN_OBJC_ROOT_CLASS = YES_ERROR;
				CLANG_WARN_RANGE_LOOP_ANALYSIS = YES;
				CLANG_WARN_STRICT_PROTOTYPES = YES;
				CLANG_WARN_SUSPICIOUS_MOVE = YES;
				CLANG_WARN_UNGUARDED_AVAILABILITY = YES_AGGRESSIVE;
				CLANG_WARN_UNREACHABLE_CODE = YES;
				CLANG_WARN__DUPLICATE_METHOD_MATCH = YES;
				COPY_PHASE_STRIP = NO;
				DEBUG_INFORMATION_FORMAT = dwarf;
				ENABLE_STRICT_OBJC_MSGSEND = YES;
				ENABLE_TESTABILITY = YES;
				GCC_C_LANGUAGE_STANDARD = gnu11;
				GCC_DYNAMIC_NO_PIC = NO;
				GCC_NO_COMMON_BLOCKS = YES;
				GCC_OPTIMIZATION_LEVEL = 0;
				GCC_PREPROCESSOR_DEFINITIONS = (
					"DEBUG=1",
					"$(inherited)",
				);
				GCC_WARN_64_TO_32_BIT_CONVERSION = YES;
				GCC_WARN_ABOUT_RETURN_TYPE = YES_ERROR;
				GCC_WARN_UNDECLARED_SELECTOR = YES;
				GCC_WARN_UNINITIALIZED_AUTOS = YES_AGGRESSIVE;
				GCC_WARN_UNUSED_FUNCTION = YES;
				GCC_WARN_UNUSED_VARIABLE = YES;
				IPHONEOS_DEPLOYMENT_TARGET = 13.7;
				MTL_ENABLE_DEBUG_INFO = INCLUDE_SOURCE;
				MTL_FAST_MATH = YES;
				ONLY_ACTIVE_ARCH = YES;
				SDKROOT = iphoneos;
				SWIFT_ACTIVE_COMPILATION_CONDITIONS = DEBUG;
				SWIFT_OPTIMIZATION_LEVEL = "-Onone";
			};
			name = Debug;
		};
		7D55320B2535E057004A1228 /* Release */ = {
			isa = XCBuildConfiguration;
			buildSettings = {
				ALWAYS_SEARCH_USER_PATHS = NO;
				CLANG_ANALYZER_NONNULL = YES;
				CLANG_ANALYZER_NUMBER_OBJECT_CONVERSION = YES_AGGRESSIVE;
				CLANG_CXX_LANGUAGE_STANDARD = "gnu++14";
				CLANG_CXX_LIBRARY = "libc++";
				CLANG_ENABLE_MODULES = YES;
				CLANG_ENABLE_OBJC_ARC = YES;
				CLANG_ENABLE_OBJC_WEAK = YES;
				CLANG_WARN_BLOCK_CAPTURE_AUTORELEASING = YES;
				CLANG_WARN_BOOL_CONVERSION = YES;
				CLANG_WARN_COMMA = YES;
				CLANG_WARN_CONSTANT_CONVERSION = YES;
				CLANG_WARN_DEPRECATED_OBJC_IMPLEMENTATIONS = YES;
				CLANG_WARN_DIRECT_OBJC_ISA_USAGE = YES_ERROR;
				CLANG_WARN_DOCUMENTATION_COMMENTS = YES;
				CLANG_WARN_EMPTY_BODY = YES;
				CLANG_WARN_ENUM_CONVERSION = YES;
				CLANG_WARN_INFINITE_RECURSION = YES;
				CLANG_WARN_INT_CONVERSION = YES;
				CLANG_WARN_NON_LITERAL_NULL_CONVERSION = YES;
				CLANG_WARN_OBJC_IMPLICIT_RETAIN_SELF = YES;
				CLANG_WARN_OBJC_LITERAL_CONVERSION = YES;
				CLANG_WARN_OBJC_ROOT_CLASS = YES_ERROR;
				CLANG_WARN_RANGE_LOOP_ANALYSIS = YES;
				CLANG_WARN_STRICT_PROTOTYPES = YES;
				CLANG_WARN_SUSPICIOUS_MOVE = YES;
				CLANG_WARN_UNGUARDED_AVAILABILITY = YES_AGGRESSIVE;
				CLANG_WARN_UNREACHABLE_CODE = YES;
				CLANG_WARN__DUPLICATE_METHOD_MATCH = YES;
				COPY_PHASE_STRIP = NO;
				DEBUG_INFORMATION_FORMAT = "dwarf-with-dsym";
				ENABLE_NS_ASSERTIONS = NO;
				ENABLE_STRICT_OBJC_MSGSEND = YES;
				GCC_C_LANGUAGE_STANDARD = gnu11;
				GCC_NO_COMMON_BLOCKS = YES;
				GCC_WARN_64_TO_32_BIT_CONVERSION = YES;
				GCC_WARN_ABOUT_RETURN_TYPE = YES_ERROR;
				GCC_WARN_UNDECLARED_SELECTOR = YES;
				GCC_WARN_UNINITIALIZED_AUTOS = YES_AGGRESSIVE;
				GCC_WARN_UNUSED_FUNCTION = YES;
				GCC_WARN_UNUSED_VARIABLE = YES;
				IPHONEOS_DEPLOYMENT_TARGET = 13.7;
				MTL_ENABLE_DEBUG_INFO = NO;
				MTL_FAST_MATH = YES;
				SDKROOT = iphoneos;
				SWIFT_COMPILATION_MODE = wholemodule;
				SWIFT_OPTIMIZATION_LEVEL = "-O";
				VALIDATE_PRODUCT = YES;
			};
			name = Release;
		};
		7D55320D2535E057004A1228 /* Debug */ = {
			isa = XCBuildConfiguration;
			baseConfigurationReference = 8175864C3DAF61E6D4595BBB /* Pods-Skuad.debug.xcconfig */;
			buildSettings = {
				ASSETCATALOG_COMPILER_APPICON_NAME = AppIcon;
				CODE_SIGN_STYLE = Automatic;
				INFOPLIST_FILE = Skuad/Info.plist;
				LD_RUNPATH_SEARCH_PATHS = (
					"$(inherited)",
					"@executable_path/Frameworks",
				);
				PRODUCT_BUNDLE_IDENTIFIER = com.ios.Skuad;
				PRODUCT_NAME = "$(TARGET_NAME)";
				SWIFT_VERSION = 5.0;
				TARGETED_DEVICE_FAMILY = "1,2";
			};
			name = Debug;
		};
		7D55320E2535E057004A1228 /* Release */ = {
			isa = XCBuildConfiguration;
			baseConfigurationReference = 30064EDD7059D4159BB13F07 /* Pods-Skuad.release.xcconfig */;
			buildSettings = {
				ASSETCATALOG_COMPILER_APPICON_NAME = AppIcon;
				CODE_SIGN_STYLE = Automatic;
				INFOPLIST_FILE = Skuad/Info.plist;
				LD_RUNPATH_SEARCH_PATHS = (
					"$(inherited)",
					"@executable_path/Frameworks",
				);
				PRODUCT_BUNDLE_IDENTIFIER = com.ios.Skuad;
				PRODUCT_NAME = "$(TARGET_NAME)";
				SWIFT_VERSION = 5.0;
				TARGETED_DEVICE_FAMILY = "1,2";
			};
			name = Release;
		};
		7D5532102535E057004A1228 /* Debug */ = {
			isa = XCBuildConfiguration;
			baseConfigurationReference = 5FC36DB00B1191841E04335E /* Pods-SkuadTests.debug.xcconfig */;
			buildSettings = {
				ALWAYS_EMBED_SWIFT_STANDARD_LIBRARIES = YES;
				BUNDLE_LOADER = "$(TEST_HOST)";
				CODE_SIGN_STYLE = Automatic;
				INFOPLIST_FILE = SkuadTests/Info.plist;
				IPHONEOS_DEPLOYMENT_TARGET = 13.7;
				LD_RUNPATH_SEARCH_PATHS = (
					"$(inherited)",
					"@executable_path/Frameworks",
					"@loader_path/Frameworks",
				);
				PRODUCT_BUNDLE_IDENTIFIER = com.ios.SkuadTests;
				PRODUCT_NAME = "$(TARGET_NAME)";
				SWIFT_VERSION = 5.0;
				TARGETED_DEVICE_FAMILY = "1,2";
				TEST_HOST = "$(BUILT_PRODUCTS_DIR)/Skuad.app/Skuad";
			};
			name = Debug;
		};
		7D5532112535E057004A1228 /* Release */ = {
			isa = XCBuildConfiguration;
			baseConfigurationReference = 1B62DD5BF79BADA3F4743ACC /* Pods-SkuadTests.release.xcconfig */;
			buildSettings = {
				ALWAYS_EMBED_SWIFT_STANDARD_LIBRARIES = YES;
				BUNDLE_LOADER = "$(TEST_HOST)";
				CODE_SIGN_STYLE = Automatic;
				INFOPLIST_FILE = SkuadTests/Info.plist;
				IPHONEOS_DEPLOYMENT_TARGET = 13.7;
				LD_RUNPATH_SEARCH_PATHS = (
					"$(inherited)",
					"@executable_path/Frameworks",
					"@loader_path/Frameworks",
				);
				PRODUCT_BUNDLE_IDENTIFIER = com.ios.SkuadTests;
				PRODUCT_NAME = "$(TARGET_NAME)";
				SWIFT_VERSION = 5.0;
				TARGETED_DEVICE_FAMILY = "1,2";
				TEST_HOST = "$(BUILT_PRODUCTS_DIR)/Skuad.app/Skuad";
			};
			name = Release;
		};
		7D5532132535E057004A1228 /* Debug */ = {
			isa = XCBuildConfiguration;
			baseConfigurationReference = E035FA11CCF905429D372F35 /* Pods-Skuad-SkuadUITests.debug.xcconfig */;
			buildSettings = {
				ALWAYS_EMBED_SWIFT_STANDARD_LIBRARIES = YES;
				CODE_SIGN_STYLE = Automatic;
				INFOPLIST_FILE = SkuadUITests/Info.plist;
				LD_RUNPATH_SEARCH_PATHS = (
					"$(inherited)",
					"@executable_path/Frameworks",
					"@loader_path/Frameworks",
				);
				PRODUCT_BUNDLE_IDENTIFIER = com.ios.SkuadUITests;
				PRODUCT_NAME = "$(TARGET_NAME)";
				SWIFT_VERSION = 5.0;
				TARGETED_DEVICE_FAMILY = "1,2";
				TEST_TARGET_NAME = Skuad;
			};
			name = Debug;
		};
		7D5532142535E057004A1228 /* Release */ = {
			isa = XCBuildConfiguration;
			baseConfigurationReference = 5EC75FF0748D1EE2A6C5A783 /* Pods-Skuad-SkuadUITests.release.xcconfig */;
			buildSettings = {
				ALWAYS_EMBED_SWIFT_STANDARD_LIBRARIES = YES;
				CODE_SIGN_STYLE = Automatic;
				INFOPLIST_FILE = SkuadUITests/Info.plist;
				LD_RUNPATH_SEARCH_PATHS = (
					"$(inherited)",
					"@executable_path/Frameworks",
					"@loader_path/Frameworks",
				);
				PRODUCT_BUNDLE_IDENTIFIER = com.ios.SkuadUITests;
				PRODUCT_NAME = "$(TARGET_NAME)";
				SWIFT_VERSION = 5.0;
				TARGETED_DEVICE_FAMILY = "1,2";
				TEST_TARGET_NAME = Skuad;
			};
			name = Release;
		};
/* End XCBuildConfiguration section */

/* Begin XCConfigurationList section */
		7D5531DD2535E053004A1228 /* Build configuration list for PBXProject "Skuad" */ = {
			isa = XCConfigurationList;
			buildConfigurations = (
				7D55320A2535E057004A1228 /* Debug */,
				7D55320B2535E057004A1228 /* Release */,
			);
			defaultConfigurationIsVisible = 0;
			defaultConfigurationName = Release;
		};
		7D55320C2535E057004A1228 /* Build configuration list for PBXNativeTarget "Skuad" */ = {
			isa = XCConfigurationList;
			buildConfigurations = (
				7D55320D2535E057004A1228 /* Debug */,
				7D55320E2535E057004A1228 /* Release */,
			);
			defaultConfigurationIsVisible = 0;
			defaultConfigurationName = Release;
		};
		7D55320F2535E057004A1228 /* Build configuration list for PBXNativeTarget "SkuadTests" */ = {
			isa = XCConfigurationList;
			buildConfigurations = (
				7D5532102535E057004A1228 /* Debug */,
				7D5532112535E057004A1228 /* Release */,
			);
			defaultConfigurationIsVisible = 0;
			defaultConfigurationName = Release;
		};
		7D5532122535E057004A1228 /* Build configuration list for PBXNativeTarget "SkuadUITests" */ = {
			isa = XCConfigurationList;
			buildConfigurations = (
				7D5532132535E057004A1228 /* Debug */,
				7D5532142535E057004A1228 /* Release */,
			);
			defaultConfigurationIsVisible = 0;
			defaultConfigurationName = Release;
		};
/* End XCConfigurationList section */
	};
	rootObject = 7D5531DA2535E053004A1228 /* Project object */;
}
